# TBOX Build Dependency Lock File
# Records versions, sources, licenses, architecture, linkage and checksums
# for TARGET dependencies built by the recipe executor into TBOX_DEP_STAGING.
#
# Per CR-002: dependencies is a mapping keyed by dependency name.
# Source SHA-256 values marked PENDING must be filled after obtaining the
# controlled source; the recipe executor rejects PENDING entries for release
# builds.

dependencies:
  yaml-cpp:
    version: "0.8.0"
    source:
      url: "https://github.com/jbeder/yaml-cpp/archive/refs/tags/0.8.0.tar.gz"
      sha256: "fbe74bbdcee21d656715688706da3c8becfd946d92cd44705cc6098bb23b3a16"
    license: BSD-3-Clause
    boundary: TARGET
    architecture: aarch64
    linkage: static
    patches: []
    cmake:
      options:
        YAML_CPP_BUILD_TESTS: "OFF"
        YAML_CPP_BUILD_TOOLS: "OFF"
        YAML_BUILD_SHARED_LIBS: "OFF"

  nlohmann-json:
    version: "3.11.2"
    source:
      url: "https://github.com/nlohmann/json/archive/refs/tags/v3.11.2.tar.gz"
      sha256: "d69f9deb6a75e2580465c6c4c5111b89c4dc2fa94e3a85fcd2ffcd9a143d9273"
    license: MIT
    boundary: TARGET
    architecture: aarch64
    linkage: static
    patches: []
    cmake:
      options:
        JSON_BuildTests: "OFF"

cache:
  key_components:
    - platform_manifest_digest
    - toolchain_version
    - sysroot_digest
    - dependency_lock_digest
    - build_type
  directory: dependencies/cache/
